
Microsoft Visual Studio Solution File, Format Version 12.00
# Visual Studio Version 17
VisualStudioVersion = 17.5.33424.131
MinimumVisualStudioVersion = 10.0.40219.1
Project("{9A19103F-16F7-4668-BE54-9A1E7A4F7556}") = "outputNumbersInAscendingOrder", "entering numbers separated by commas\outputNumbersInAscendingOrder.csproj", "{57D29BE6-60B6-4C12-9177-696D39C41680}"
EndProject
Global
	GlobalSection(SolutionConfigurationPlatforms) = preSolution
		Debug|Any CPU = Debug|Any CPU
		Release|Any CPU = Release|Any CPU
	EndGlobalSection
	GlobalSection(ProjectConfigurationPlatforms) = postSolution
		{57D29BE6-60B6-4C12-9177-696D39C41680}.Debug|Any CPU.ActiveCfg = Debug|Any CPU
		{57D29BE6-60B6-4C12-9177-696D39C41680}.Debug|Any CPU.Build.0 = Debug|Any CPU
		{57D29BE6-60B6-4C12-9177-696D39C41680}.Release|Any CPU.ActiveCfg = Release|Any CPU
		{57D29BE6-60B6-4C12-9177-696D39C41680}.Release|Any CPU.Build.0 = Release|Any CPU
	EndGlobalSection
	GlobalSection(SolutionProperties) = preSolution
		HideSolutionNode = FALSE
	EndGlobalSection
	GlobalSection(ExtensibilityGlobals) = postSolution
		SolutionGuid = {FA767DD7-69E6-4747-9EC0-380483A81BCC}
	EndGlobalSection
EndGlobal
